
Microsoft Visual Studio Solution File, Format Version 12.00
# Visual Studio Version 17
VisualStudioVersion = 17.9.34728.123
MinimumVisualStudioVersion = 10.0.40219.1
Project("{FAE04EC0-301F-11D3-BF4B-00C04F79EFBC}") = "BubbleSortImplementation", "BubbleSortImplementation\BubbleSortImplementation.csproj", "{12A2F1F5-2677-44BE-8D1E-7B6AF9BD3163}"
EndProject
Global
	GlobalSection(SolutionConfigurationPlatforms) = preSolution
		Debug|Any CPU = Debug|Any CPU
		Release|Any CPU = Release|Any CPU
	EndGlobalSection
	GlobalSection(ProjectConfigurationPlatforms) = postSolution
		{12A2F1F5-2677-44BE-8D1E-7B6AF9BD3163}.Debug|Any CPU.ActiveCfg = Debug|Any CPU
		{12A2F1F5-2677-44BE-8D1E-7B6AF9BD3163}.Debug|Any CPU.Build.0 = Debug|Any CPU
		{12A2F1F5-2677-44BE-8D1E-7B6AF9BD3163}.Release|Any CPU.ActiveCfg = Release|Any CPU
		{12A2F1F5-2677-44BE-8D1E-7B6AF9BD3163}.Release|Any CPU.Build.0 = Release|Any CPU
	EndGlobalSection
	GlobalSection(SolutionProperties) = preSolution
		HideSolutionNode = FALSE
	EndGlobalSection
	GlobalSection(ExtensibilityGlobals) = postSolution
		SolutionGuid = {1BCE9F01-C2B2-4FDE-8B2B-0B380F40A8DC}
	EndGlobalSection
EndGlobal
